{
  "name": "js-bindings",
  "version": "1.0.0",
  "lockfileVersion": 3,
  "requires": true,
  "packages": {
    "": {
      "name": "js-bindings",
      "version": "1.0.0",
      "license": "ISC",
      "dependencies": {
        "@bytecodealliance/preview2-shim": "^0.17.9"
      }
    },
    "node_modules/@bytecodealliance/preview2-shim": {
      "version": "0.17.9",
      "resolved": "https://registry.npmjs.org/@bytecodealliance/preview2-shim/-/preview2-shim-0.17.9.tgz",
      "integrity": "sha512-i0R3eQBe6PA/o/1EFE3Owe4In2rcccb6QxnjpntM/lPe3/duJ0bRQTVZM2Ufpo99X4eofGeltQUkape1C91FFA==",
      "license": "(Apache-2.0 WITH LLVM-exception)"
    }
  }
}
